{
  "name": "ajs-node",
  "version": "1.0.0",
  "lockfileVersion": 1,
  "requires": true,
  "dependencies": {
    "@igor-chazov/ajs": {
      "version": "1.0.0",
      "resolved": "https://npm.pkg.github.com/download/@igor-chazov/ajs/1.0.0/b73c43a7a81cb344095dd1d703f8cbd3fdefbcdccef758ceed69f50c9b81ab5b",
      "integrity": "sha512-3r5X8FB2JwZOWA5VVzLzYlwIt+AZXwLjzFN13xn4PilCqy9GWlS+e+UnucuuQxgfb1SRDODZDvJloA1xYiCumA=="
    }
  }
}
